
Microsoft Visual Studio Solution File, Format Version 12.00
# Visual Studio 15
VisualStudioVersion = 15.0.27703.2035
MinimumVisualStudioVersion = 10.0.40219.1
Project("{9A19103F-16F7-4668-BE54-9A1E7A4F7556}") = "SFA.DAS.Payments.Application", "..\SFA.DAS.Payments\SFA.DAS.Payments.Application\SFA.DAS.Payments.Application.csproj", "{DC09546E-9F83-4EEF-9AA4-9F494F6ABCA4}"
EndProject
Project("{9A19103F-16F7-4668-BE54-9A1E7A4F7556}") = "SFA.DAS.Payments.Domain", "..\SFA.DAS.Payments\SFA.DAS.Payments.Domain\SFA.DAS.Payments.Domain.csproj", "{5715A404-107B-4EC0-B953-B4118C73B0C7}"
EndProject
Project("{9A19103F-16F7-4668-BE54-9A1E7A4F7556}") = "SFA.DAS.Payments.TestDataGenerator", "..\SFA.DAS.Payments\SFA.DAS.Payments.TestDataGenerator\SFA.DAS.Payments.TestDataGenerator.csproj", "{3CC655D2-713B-49D3-90AD-54A2D133CF8F}"
EndProject
Project("{9A19103F-16F7-4668-BE54-9A1E7A4F7556}") = "SFA.DAS.Payments.DurableFunctions.Client.POC", "SFA.DAS.Payments.DurableFunctions.Client.POC\SFA.DAS.Payments.DurableFunctions.Client.POC.csproj", "{DA74CF50-1F56-4323-B16F-3A6D1458C3C3}"
EndProject
Project("{9A19103F-16F7-4668-BE54-9A1E7A4F7556}") = "SFA.DAS.Payments.DurableFunctions.POC", "SFA.DAS.Payments.DurableFunctions.POC\SFA.DAS.Payments.DurableFunctions.POC.csproj", "{51EFEB99-0AD1-419B-93F7-B1663ACDD103}"
EndProject
Global
	GlobalSection(SolutionConfigurationPlatforms) = preSolution
		Debug|Any CPU = Debug|Any CPU
		Release|Any CPU = Release|Any CPU
	EndGlobalSection
	GlobalSection(ProjectConfigurationPlatforms) = postSolution
		{DC09546E-9F83-4EEF-9AA4-9F494F6ABCA4}.Debug|Any CPU.ActiveCfg = Debug|Any CPU
		{DC09546E-9F83-4EEF-9AA4-9F494F6ABCA4}.Debug|Any CPU.Build.0 = Debug|Any CPU
		{DC09546E-9F83-4EEF-9AA4-9F494F6ABCA4}.Release|Any CPU.ActiveCfg = Release|Any CPU
		{DC09546E-9F83-4EEF-9AA4-9F494F6ABCA4}.Release|Any CPU.Build.0 = Release|Any CPU
		{5715A404-107B-4EC0-B953-B4118C73B0C7}.Debug|Any CPU.ActiveCfg = Debug|Any CPU
		{5715A404-107B-4EC0-B953-B4118C73B0C7}.Debug|Any CPU.Build.0 = Debug|Any CPU
		{5715A404-107B-4EC0-B953-B4118C73B0C7}.Release|Any CPU.ActiveCfg = Release|Any CPU
		{5715A404-107B-4EC0-B953-B4118C73B0C7}.Release|Any CPU.Build.0 = Release|Any CPU
		{3CC655D2-713B-49D3-90AD-54A2D133CF8F}.Debug|Any CPU.ActiveCfg = Debug|Any CPU
		{3CC655D2-713B-49D3-90AD-54A2D133CF8F}.Debug|Any CPU.Build.0 = Debug|Any CPU
		{3CC655D2-713B-49D3-90AD-54A2D133CF8F}.Release|Any CPU.ActiveCfg = Release|Any CPU
		{3CC655D2-713B-49D3-90AD-54A2D133CF8F}.Release|Any CPU.Build.0 = Release|Any CPU
		{DA74CF50-1F56-4323-B16F-3A6D1458C3C3}.Debug|Any CPU.ActiveCfg = Debug|Any CPU
		{DA74CF50-1F56-4323-B16F-3A6D1458C3C3}.Debug|Any CPU.Build.0 = Debug|Any CPU
		{DA74CF50-1F56-4323-B16F-3A6D1458C3C3}.Release|Any CPU.ActiveCfg = Release|Any CPU
		{DA74CF50-1F56-4323-B16F-3A6D1458C3C3}.Release|Any CPU.Build.0 = Release|Any CPU
		{51EFEB99-0AD1-419B-93F7-B1663ACDD103}.Debug|Any CPU.ActiveCfg = Debug|Any CPU
		{51EFEB99-0AD1-419B-93F7-B1663ACDD103}.Debug|Any CPU.Build.0 = Debug|Any CPU
		{51EFEB99-0AD1-419B-93F7-B1663ACDD103}.Release|Any CPU.ActiveCfg = Release|Any CPU
		{51EFEB99-0AD1-419B-93F7-B1663ACDD103}.Release|Any CPU.Build.0 = Release|Any CPU
	EndGlobalSection
	GlobalSection(SolutionProperties) = preSolution
		HideSolutionNode = FALSE
	EndGlobalSection
	GlobalSection(ExtensibilityGlobals) = postSolution
		SolutionGuid = {A1340E3F-45FB-40AE-8F3E-8E51528F2057}
	EndGlobalSection
EndGlobal
